Microsoft Visual Studio Solution File, Format Version 12.00
# Visual Studio Version 17
VisualStudioVersion = 17.5.2.0
MinimumVisualStudioVersion = 10.0.40219.1
Project("{FAE04EC0-301F-11D3-BF4B-00C04F79EFBC}") = "ass1 q2", "ass1 q2.csproj", "{B768511E-9012-7C8F-E646-F01688546909}"
EndProject
Global
	GlobalSection(SolutionConfigurationPlatforms) = preSolution
		Debug|Any CPU = Debug|Any CPU
		Release|Any CPU = Release|Any CPU
	EndGlobalSection
	GlobalSection(ProjectConfigurationPlatforms) = postSolution
		{B768511E-9012-7C8F-E646-F01688546909}.Debug|Any CPU.ActiveCfg = Debug|Any CPU
		{B768511E-9012-7C8F-E646-F01688546909}.Debug|Any CPU.Build.0 = Debug|Any CPU
		{B768511E-9012-7C8F-E646-F01688546909}.Release|Any CPU.ActiveCfg = Release|Any CPU
		{B768511E-9012-7C8F-E646-F01688546909}.Release|Any CPU.Build.0 = Release|Any CPU
	EndGlobalSection
	GlobalSection(SolutionProperties) = preSolution
		HideSolutionNode = FALSE
	EndGlobalSection
	GlobalSection(ExtensibilityGlobals) = postSolution
		SolutionGuid = {75E56FA3-4BFB-4A95-B62C-588AE2674008}
	EndGlobalSection
EndGlobal
