Microsoft Visual Studio Solution File, Format Version 12.00
# Visual Studio Version 17
VisualStudioVersion = 17.5.2.0
MinimumVisualStudioVersion = 10.0.40219.1
Project("{FAE04EC0-301F-11D3-BF4B-00C04F79EFBC}") = "assingmnent 2 q3", "assingmnent 2 q3.csproj", "{C4E17039-DF77-BDD8-EAAF-73760F985503}"
EndProject
Global
	GlobalSection(SolutionConfigurationPlatforms) = preSolution
		Debug|Any CPU = Debug|Any CPU
		Release|Any CPU = Release|Any CPU
	EndGlobalSection
	GlobalSection(ProjectConfigurationPlatforms) = postSolution
		{C4E17039-DF77-BDD8-EAAF-73760F985503}.Debug|Any CPU.ActiveCfg = Debug|Any CPU
		{C4E17039-DF77-BDD8-EAAF-73760F985503}.Debug|Any CPU.Build.0 = Debug|Any CPU
		{C4E17039-DF77-BDD8-EAAF-73760F985503}.Release|Any CPU.ActiveCfg = Release|Any CPU
		{C4E17039-DF77-BDD8-EAAF-73760F985503}.Release|Any CPU.Build.0 = Release|Any CPU
	EndGlobalSection
	GlobalSection(SolutionProperties) = preSolution
		HideSolutionNode = FALSE
	EndGlobalSection
	GlobalSection(ExtensibilityGlobals) = postSolution
		SolutionGuid = {DB50F26E-5E2F-418D-A9F0-CC2573206A8D}
	EndGlobalSection
EndGlobal
